{
  "meteor": {},
  "dependencies": {
    "basePackages": {
      "select2": {},
      "font-awesome": {},
      "Mesosphere": {}
    },
    "packages": {
      "select2": {
        "git": "https://github.com/nate-strauser/meteor-select2.git",
        "tag": "v3.4.0",
        "commit": "a731bdb357cadd840aa5d9a3e893ab3df097a09c"
      },
      "font-awesome": {
        "git": "https://github.com/nate-strauser/meteor-font-awesome.git",
        "tag": "v3.2.0",
        "commit": "2cba6f907a2579cae2d399b522f9544c13d5e091"
      },
      "Mesosphere": {
        "git": "https://github.com/copleykj/Mesosphere.git",
        "tag": "v0.1.1",
        "commit": "0873e449f7cabb58986b05c9d2b7b3b64bd19a9f"
      },
      "underscore-string": {
        "git": "https://github.com/possibilities/meteor-underscore-string.git",
        "tag": "v2.2.0rc.1",
        "commit": "dec21fac23310daf76dc19f246749e7beb48af03"
      }
    }
  }
}
